<?xml version="1.0" encoding="utf-8"?>
<Project ToolsVersion="4.0" xmlns="http://schemas.microsoft.com/developer/msbuild/2003">
  <ItemGroup>
    <ClCompile Include="main.cpp" />
    <ClCompile Include="CommandLine.cpp" />
    <ClCompile Include="StdOutReporter.cpp" />
    <ClCompile Include="XmlReporter.cpp" />
    <ClCompile Include="TestAssembly.cpp" />
  </ItemGroup>
  <ItemGroup>
    <ClInclude Include="CommandLine.h" />
    <ClInclude Include="StdOutReporter.h" />
    <ClInclude Include="XmlReporter.h" />
    <ClInclude Include="TestAssembly.h" />
  </ItemGroup>
</Project>