
Microsoft Visual Studio Solution File, Format Version 12.00
# Visual Studio 2012
Project("{8BC9CEB8-8B4A-11D0-8D11-00A0C91BC942}") = "xUnit++", "xUnit++\xUnit++.vcxproj", "{25DF3961-F288-4A96-AE6B-A4950A00AB8E}"
EndProject
Project("{8BC9CEB8-8B4A-11D0-8D11-00A0C91BC942}") = "UnitTests", "Tests\UnitTests\UnitTests.vcxproj", "{2276DFCF-ABEA-44FA-9821-2F9F5B891CFF}"
	ProjectSection(ProjectDependencies) = postProject
		{25DF3961-F288-4A96-AE6B-A4950A00AB8E} = {25DF3961-F288-4A96-AE6B-A4950A00AB8E}
		{2F1709B8-9F5A-4625-9404-C348298181B7} = {2F1709B8-9F5A-4625-9404-C348298181B7}
	EndProjectSection
EndProject
Project("{2150E333-8FDC-42A3-9474-1A3956D46DE8}") = "Tests", "Tests", "{AFBBD3E4-82D4-488E-949B-C50B2D9222A3}"
EndProject
Project("{8BC9CEB8-8B4A-11D0-8D11-00A0C91BC942}") = "xUnit++.console", "xUnit++.console\xUnit++.console.vcxproj", "{2F1709B8-9F5A-4625-9404-C348298181B7}"
EndProject
Project("{8BC9CEB8-8B4A-11D0-8D11-00A0C91BC942}") = "xUnit++.VsRunner", "xUnit++.VsRunner\xUnit++.VsRunner.vcxproj", "{7048C76A-27E7-4385-BCF1-BB9E718E99F8}"
EndProject
Project("{8BC9CEB8-8B4A-11D0-8D11-00A0C91BC942}") = "BareTests", "Tests\BareTests\BareTests.vcxproj", "{EDEB02E2-F389-4CBF-AE7D-3041A934F86B}"
	ProjectSection(ProjectDependencies) = postProject
		{2F1709B8-9F5A-4625-9404-C348298181B7} = {2F1709B8-9F5A-4625-9404-C348298181B7}
	EndProjectSection
EndProject
Project("{8BC9CEB8-8B4A-11D0-8D11-00A0C91BC942}") = "xUnit++.Utility", "xUnit++.Utility\xUnit++.Utility.vcxproj", "{C40C9047-855E-45D8-ADA8-9B98F3BE0F6C}"
EndProject
Global
	GlobalSection(SolutionConfigurationPlatforms) = preSolution
		Debug|Win32 = Debug|Win32
		Debug|x64 = Debug|x64
		Release|Win32 = Release|Win32
		Release|x64 = Release|x64
	EndGlobalSection
	GlobalSection(ProjectConfigurationPlatforms) = postSolution
		{25DF3961-F288-4A96-AE6B-A4950A00AB8E}.Debug|Win32.ActiveCfg = Debug|Win32
		{25DF3961-F288-4A96-AE6B-A4950A00AB8E}.Debug|Win32.Build.0 = Debug|Win32
		{25DF3961-F288-4A96-AE6B-A4950A00AB8E}.Debug|x64.ActiveCfg = Debug|x64
		{25DF3961-F288-4A96-AE6B-A4950A00AB8E}.Debug|x64.Build.0 = Debug|x64
		{25DF3961-F288-4A96-AE6B-A4950A00AB8E}.Release|Win32.ActiveCfg = Release|Win32
		{25DF3961-F288-4A96-AE6B-A4950A00AB8E}.Release|Win32.Build.0 = Release|Win32
		{25DF3961-F288-4A96-AE6B-A4950A00AB8E}.Release|x64.ActiveCfg = Release|x64
		{25DF3961-F288-4A96-AE6B-A4950A00AB8E}.Release|x64.Build.0 = Release|x64
		{2276DFCF-ABEA-44FA-9821-2F9F5B891CFF}.Debug|Win32.ActiveCfg = Debug|Win32
		{2276DFCF-ABEA-44FA-9821-2F9F5B891CFF}.Debug|Win32.Build.0 = Debug|Win32
		{2276DFCF-ABEA-44FA-9821-2F9F5B891CFF}.Debug|x64.ActiveCfg = Debug|x64
		{2276DFCF-ABEA-44FA-9821-2F9F5B891CFF}.Debug|x64.Build.0 = Debug|x64
		{2276DFCF-ABEA-44FA-9821-2F9F5B891CFF}.Release|Win32.ActiveCfg = Release|Win32
		{2276DFCF-ABEA-44FA-9821-2F9F5B891CFF}.Release|Win32.Build.0 = Release|Win32
		{2276DFCF-ABEA-44FA-9821-2F9F5B891CFF}.Release|x64.ActiveCfg = Release|x64
		{2276DFCF-ABEA-44FA-9821-2F9F5B891CFF}.Release|x64.Build.0 = Release|x64
		{2F1709B8-9F5A-4625-9404-C348298181B7}.Debug|Win32.ActiveCfg = Debug|Win32
		{2F1709B8-9F5A-4625-9404-C348298181B7}.Debug|Win32.Build.0 = Debug|Win32
		{2F1709B8-9F5A-4625-9404-C348298181B7}.Debug|x64.ActiveCfg = Debug|x64
		{2F1709B8-9F5A-4625-9404-C348298181B7}.Debug|x64.Build.0 = Debug|x64
		{2F1709B8-9F5A-4625-9404-C348298181B7}.Release|Win32.ActiveCfg = Release|Win32
		{2F1709B8-9F5A-4625-9404-C348298181B7}.Release|Win32.Build.0 = Release|Win32
		{2F1709B8-9F5A-4625-9404-C348298181B7}.Release|x64.ActiveCfg = Release|x64
		{2F1709B8-9F5A-4625-9404-C348298181B7}.Release|x64.Build.0 = Release|x64
		{7048C76A-27E7-4385-BCF1-BB9E718E99F8}.Debug|Win32.ActiveCfg = Debug|Win32
		{7048C76A-27E7-4385-BCF1-BB9E718E99F8}.Debug|Win32.Build.0 = Debug|Win32
		{7048C76A-27E7-4385-BCF1-BB9E718E99F8}.Debug|x64.ActiveCfg = Debug|Win32
		{7048C76A-27E7-4385-BCF1-BB9E718E99F8}.Release|Win32.ActiveCfg = Release|Win32
		{7048C76A-27E7-4385-BCF1-BB9E718E99F8}.Release|Win32.Build.0 = Release|Win32
		{7048C76A-27E7-4385-BCF1-BB9E718E99F8}.Release|x64.ActiveCfg = Release|Win32
		{EDEB02E2-F389-4CBF-AE7D-3041A934F86B}.Debug|Win32.ActiveCfg = Debug|Win32
		{EDEB02E2-F389-4CBF-AE7D-3041A934F86B}.Debug|Win32.Build.0 = Debug|Win32
		{EDEB02E2-F389-4CBF-AE7D-3041A934F86B}.Debug|x64.ActiveCfg = Debug|x64
		{EDEB02E2-F389-4CBF-AE7D-3041A934F86B}.Debug|x64.Build.0 = Debug|x64
		{EDEB02E2-F389-4CBF-AE7D-3041A934F86B}.Release|Win32.ActiveCfg = Release|Win32
		{EDEB02E2-F389-4CBF-AE7D-3041A934F86B}.Release|Win32.Build.0 = Release|Win32
		{EDEB02E2-F389-4CBF-AE7D-3041A934F86B}.Release|x64.ActiveCfg = Release|x64
		{EDEB02E2-F389-4CBF-AE7D-3041A934F86B}.Release|x64.Build.0 = Release|x64
		{C40C9047-855E-45D8-ADA8-9B98F3BE0F6C}.Debug|Win32.ActiveCfg = Debug|Win32
		{C40C9047-855E-45D8-ADA8-9B98F3BE0F6C}.Debug|Win32.Build.0 = Debug|Win32
		{C40C9047-855E-45D8-ADA8-9B98F3BE0F6C}.Debug|x64.ActiveCfg = Debug|x64
		{C40C9047-855E-45D8-ADA8-9B98F3BE0F6C}.Debug|x64.Build.0 = Debug|x64
		{C40C9047-855E-45D8-ADA8-9B98F3BE0F6C}.Release|Win32.ActiveCfg = Release|Win32
		{C40C9047-855E-45D8-ADA8-9B98F3BE0F6C}.Release|Win32.Build.0 = Release|Win32
		{C40C9047-855E-45D8-ADA8-9B98F3BE0F6C}.Release|x64.ActiveCfg = Release|x64
		{C40C9047-855E-45D8-ADA8-9B98F3BE0F6C}.Release|x64.Build.0 = Release|x64
	EndGlobalSection
	GlobalSection(SolutionProperties) = preSolution
		HideSolutionNode = FALSE
	EndGlobalSection
	GlobalSection(NestedProjects) = preSolution
		{2276DFCF-ABEA-44FA-9821-2F9F5B891CFF} = {AFBBD3E4-82D4-488E-949B-C50B2D9222A3}
		{EDEB02E2-F389-4CBF-AE7D-3041A934F86B} = {AFBBD3E4-82D4-488E-949B-C50B2D9222A3}
	EndGlobalSection
EndGlobal
