<?xml version="1.0" encoding="utf-8"?>
<Project ToolsVersion="4.0" xmlns="http://schemas.microsoft.com/developer/msbuild/2003">
  <ItemGroup>
    <ClCompile Include="main.cpp" />
    <ClCompile Include="Fact.cpp" />
    <ClCompile Include="xUnitAssert.cpp" />
    <ClCompile Include="TestCollection.cpp" />
    <ClCompile Include="Theory.cpp" />
    <ClCompile Include="TestRunner.cpp" />
    <ClCompile Include="TestDetails.cpp" />
  </ItemGroup>
  <ItemGroup>
    <ClInclude Include="Fact.h" />
    <ClInclude Include="xUnitAssert.h" />
    <ClInclude Include="TestCollection.h" />
    <ClInclude Include="Suite.h" />
    <ClInclude Include=".\xUnitMacros.h" />
    <ClInclude Include="Theory.h" />
    <ClInclude Include="TestRunner.h" />
    <ClInclude Include="TestDetails.h" />
    <ClInclude Include="xUnitTime.h" />
  </ItemGroup>
</Project>